
Microsoft Visual Studio Solution File, Format Version 12.00
# Visual Studio 15
VisualStudioVersion = 15.0.28307.329
MinimumVisualStudioVersion = 10.0.40219.1
Project("{9A19103F-16F7-4668-BE54-9A1E7A4F7556}") = "Faker.Core", "Faker.Core.csproj", "{F67774F7-0497-4FB1-A6F6-F2C2D98447B3}"
EndProject
Project("{9A19103F-16F7-4668-BE54-9A1E7A4F7556}") = "Faker.Tests", "..\Faker.Tests\Faker.Tests.csproj", "{5249921E-1AA9-4E20-9D34-D3AE7A914A41}"
EndProject
Global
	GlobalSection(SolutionConfigurationPlatforms) = preSolution
		Debug|Any CPU = Debug|Any CPU
		Release|Any CPU = Release|Any CPU
	EndGlobalSection
	GlobalSection(ProjectConfigurationPlatforms) = postSolution
		{F67774F7-0497-4FB1-A6F6-F2C2D98447B3}.Debug|Any CPU.ActiveCfg = Debug|Any CPU
		{F67774F7-0497-4FB1-A6F6-F2C2D98447B3}.Debug|Any CPU.Build.0 = Debug|Any CPU
		{F67774F7-0497-4FB1-A6F6-F2C2D98447B3}.Release|Any CPU.ActiveCfg = Release|Any CPU
		{F67774F7-0497-4FB1-A6F6-F2C2D98447B3}.Release|Any CPU.Build.0 = Release|Any CPU
		{5249921E-1AA9-4E20-9D34-D3AE7A914A41}.Debug|Any CPU.ActiveCfg = Debug|Any CPU
		{5249921E-1AA9-4E20-9D34-D3AE7A914A41}.Debug|Any CPU.Build.0 = Debug|Any CPU
		{5249921E-1AA9-4E20-9D34-D3AE7A914A41}.Release|Any CPU.ActiveCfg = Release|Any CPU
		{5249921E-1AA9-4E20-9D34-D3AE7A914A41}.Release|Any CPU.Build.0 = Release|Any CPU
	EndGlobalSection
	GlobalSection(SolutionProperties) = preSolution
		HideSolutionNode = FALSE
	EndGlobalSection
	GlobalSection(ExtensibilityGlobals) = postSolution
		SolutionGuid = {73E968AA-20D1-45FB-B185-168E8A12265F}
	EndGlobalSection
EndGlobal
