
Microsoft Visual Studio Solution File, Format Version 12.00
# Visual Studio Version 16
VisualStudioVersion = 16.0.28711.60
MinimumVisualStudioVersion = 10.0.40219.1
Project("{9A19103F-16F7-4668-BE54-9A1E7A4F7556}") = "DenInject.Tests", "DiContainer.Tests\DenInject.Tests.csproj", "{5F30BED9-B7E1-426C-8390-EDDB204768D5}"
EndProject
Project("{FAE04EC0-301F-11D3-BF4B-00C04F79EFBC}") = "DenInject.Core", "DenInject.Core\DenInject.Core.csproj", "{9B5E6FAD-E4BB-461A-A835-34B6C0BA1B96}"
EndProject
Global
	GlobalSection(SolutionConfigurationPlatforms) = preSolution
		Debug|Any CPU = Debug|Any CPU
		Release|Any CPU = Release|Any CPU
	EndGlobalSection
	GlobalSection(ProjectConfigurationPlatforms) = postSolution
		{5F30BED9-B7E1-426C-8390-EDDB204768D5}.Debug|Any CPU.ActiveCfg = Debug|Any CPU
		{5F30BED9-B7E1-426C-8390-EDDB204768D5}.Debug|Any CPU.Build.0 = Debug|Any CPU
		{5F30BED9-B7E1-426C-8390-EDDB204768D5}.Release|Any CPU.ActiveCfg = Release|Any CPU
		{5F30BED9-B7E1-426C-8390-EDDB204768D5}.Release|Any CPU.Build.0 = Release|Any CPU
		{9B5E6FAD-E4BB-461A-A835-34B6C0BA1B96}.Debug|Any CPU.ActiveCfg = Debug|Any CPU
		{9B5E6FAD-E4BB-461A-A835-34B6C0BA1B96}.Debug|Any CPU.Build.0 = Debug|Any CPU
		{9B5E6FAD-E4BB-461A-A835-34B6C0BA1B96}.Release|Any CPU.ActiveCfg = Release|Any CPU
		{9B5E6FAD-E4BB-461A-A835-34B6C0BA1B96}.Release|Any CPU.Build.0 = Release|Any CPU
	EndGlobalSection
	GlobalSection(SolutionProperties) = preSolution
		HideSolutionNode = FALSE
	EndGlobalSection
	GlobalSection(ExtensibilityGlobals) = postSolution
		SolutionGuid = {A79B005C-74FF-4E8E-A66C-D7B108F34658}
	EndGlobalSection
EndGlobal
